
Microsoft Visual Studio Solution File, Format Version 12.00
# Visual Studio Version 16
VisualStudioVersion = 16.0.30320.27
MinimumVisualStudioVersion = 10.0.40219.1
Project("{9A19103F-16F7-4668-BE54-9A1E7A4F7556}") = "DailyScrum.Model", "DailyScrum.Model\DailyScrum.Model.csproj", "{ABA4FBE8-2825-432B-87B0-12768F261B93}"
EndProject
Project("{9A19103F-16F7-4668-BE54-9A1E7A4F7556}") = "DailyScrum.Application", "DailyScrum.Infrastructure\DailyScrum.Application.csproj", "{46D43390-3B68-4B13-B1EF-26310C2459D6}"
EndProject
Project("{9A19103F-16F7-4668-BE54-9A1E7A4F7556}") = "DailyScrum", "DailyScrum\DailyScrum.csproj", "{B56B037E-CBE4-418A-8429-488B2CB1617F}"
EndProject
Global
	GlobalSection(SolutionConfigurationPlatforms) = preSolution
		Debug|Any CPU = Debug|Any CPU
		Release|Any CPU = Release|Any CPU
	EndGlobalSection
	GlobalSection(ProjectConfigurationPlatforms) = postSolution
		{ABA4FBE8-2825-432B-87B0-12768F261B93}.Debug|Any CPU.ActiveCfg = Debug|Any CPU
		{ABA4FBE8-2825-432B-87B0-12768F261B93}.Debug|Any CPU.Build.0 = Debug|Any CPU
		{ABA4FBE8-2825-432B-87B0-12768F261B93}.Release|Any CPU.ActiveCfg = Release|Any CPU
		{ABA4FBE8-2825-432B-87B0-12768F261B93}.Release|Any CPU.Build.0 = Release|Any CPU
		{46D43390-3B68-4B13-B1EF-26310C2459D6}.Debug|Any CPU.ActiveCfg = Debug|Any CPU
		{46D43390-3B68-4B13-B1EF-26310C2459D6}.Debug|Any CPU.Build.0 = Debug|Any CPU
		{46D43390-3B68-4B13-B1EF-26310C2459D6}.Release|Any CPU.ActiveCfg = Release|Any CPU
		{46D43390-3B68-4B13-B1EF-26310C2459D6}.Release|Any CPU.Build.0 = Release|Any CPU
		{B56B037E-CBE4-418A-8429-488B2CB1617F}.Debug|Any CPU.ActiveCfg = Debug|Any CPU
		{B56B037E-CBE4-418A-8429-488B2CB1617F}.Debug|Any CPU.Build.0 = Debug|Any CPU
		{B56B037E-CBE4-418A-8429-488B2CB1617F}.Release|Any CPU.ActiveCfg = Release|Any CPU
		{B56B037E-CBE4-418A-8429-488B2CB1617F}.Release|Any CPU.Build.0 = Release|Any CPU
	EndGlobalSection
	GlobalSection(SolutionProperties) = preSolution
		HideSolutionNode = FALSE
	EndGlobalSection
	GlobalSection(ExtensibilityGlobals) = postSolution
		SolutionGuid = {AB6B6AB5-E5AF-4E67-B5F7-532AF36EFFD8}
	EndGlobalSection
EndGlobal
